
Microsoft Visual Studio Solution File, Format Version 12.00
# Visual Studio Version 16
VisualStudioVersion = 16.0.29509.3
MinimumVisualStudioVersion = 10.0.40219.1
Project("{FAE04EC0-301F-11D3-BF4B-00C04F79EFBC}") = "AspNetCoreApiTwoTwo", "AspNetCoreApiTwoTwo\AspNetCoreApiTwoTwo.csproj", "{A18BED1E-CF38-45AB-B690-A7C5C7BC1CF7}"
EndProject
Project("{FAE04EC0-301F-11D3-BF4B-00C04F79EFBC}") = "XUnitTestProjectNetCoreTwo", "XUnitTestProjectNetCoreTwo\XUnitTestProjectNetCoreTwo.csproj", "{7B62EF5B-4A9A-4240-B8A6-770CD68918A8}"
EndProject
Project("{FAE04EC0-301F-11D3-BF4B-00C04F79EFBC}") = "XUnitTestProjectNetCoreThree", "XUnitTestProjectNetCoreThree\XUnitTestProjectNetCoreThree.csproj", "{778F887F-4DDF-4C5A-A0B3-B9ABF98DF775}"
EndProject
Global
	GlobalSection(SolutionConfigurationPlatforms) = preSolution
		Debug|Any CPU = Debug|Any CPU
		Release|Any CPU = Release|Any CPU
	EndGlobalSection
	GlobalSection(ProjectConfigurationPlatforms) = postSolution
		{A18BED1E-CF38-45AB-B690-A7C5C7BC1CF7}.Debug|Any CPU.ActiveCfg = Debug|Any CPU
		{A18BED1E-CF38-45AB-B690-A7C5C7BC1CF7}.Debug|Any CPU.Build.0 = Debug|Any CPU
		{A18BED1E-CF38-45AB-B690-A7C5C7BC1CF7}.Release|Any CPU.ActiveCfg = Release|Any CPU
		{A18BED1E-CF38-45AB-B690-A7C5C7BC1CF7}.Release|Any CPU.Build.0 = Release|Any CPU
		{7B62EF5B-4A9A-4240-B8A6-770CD68918A8}.Debug|Any CPU.ActiveCfg = Debug|Any CPU
		{7B62EF5B-4A9A-4240-B8A6-770CD68918A8}.Debug|Any CPU.Build.0 = Debug|Any CPU
		{7B62EF5B-4A9A-4240-B8A6-770CD68918A8}.Release|Any CPU.ActiveCfg = Release|Any CPU
		{7B62EF5B-4A9A-4240-B8A6-770CD68918A8}.Release|Any CPU.Build.0 = Release|Any CPU
		{778F887F-4DDF-4C5A-A0B3-B9ABF98DF775}.Debug|Any CPU.ActiveCfg = Debug|Any CPU
		{778F887F-4DDF-4C5A-A0B3-B9ABF98DF775}.Debug|Any CPU.Build.0 = Debug|Any CPU
		{778F887F-4DDF-4C5A-A0B3-B9ABF98DF775}.Release|Any CPU.ActiveCfg = Release|Any CPU
		{778F887F-4DDF-4C5A-A0B3-B9ABF98DF775}.Release|Any CPU.Build.0 = Release|Any CPU
	EndGlobalSection
	GlobalSection(SolutionProperties) = preSolution
		HideSolutionNode = FALSE
	EndGlobalSection
	GlobalSection(ExtensibilityGlobals) = postSolution
		SolutionGuid = {FB342FD2-016B-4D47-950E-1375077CF8C9}
	EndGlobalSection
EndGlobal
